github.com/saipraveen-a/number-manipulation v0.0.0-20200706072522-b6bfd6f3f218 h1:gmq631LJSyMWYaE8djnejyLvEtwNlEiGTfc0wlirKNM=
github.com/saipraveen-a/number-manipulation v0.0.0-20200706072522-b6bfd6f3f218/go.mod h1:incOc/pIEHktZ0YzsmxxfI4jdlQkivHRZYAzZ4q3my4=
github.com/saipraveen-a/number-manipulation v1.0.0 h1:cF4o/a5D6caLj3aW8LkSpm95u4US3J7qwHWo47ag43E=
github.com/saipraveen-a/number-manipulation v1.0.0/go.mod h1:incOc/pIEHktZ0YzsmxxfI4jdlQkivHRZYAzZ4q3my4=
github.com/saipraveen-a/number-manipulation v1.0.1 h1:6TF7sz3R1R1g0Kxc1TrQWMX5QFX8u4Hi2u+o+Nu5iWE=
github.com/saipraveen-a/number-manipulation v1.0.1/go.mod h1:incOc/pIEHktZ0YzsmxxfI4jdlQkivHRZYAzZ4q3my4=
github.com/saipraveen-a/number-manipulation/v2 v2.0.0 h1:C6V+8pfH2mRLPuzGk/nGGaVM28qdFIVD7ajW2AquoMw=
github.com/saipraveen-a/number-manipulation/v2 v2.0.0/go.mod h1:mRgIAUa7TMBQM+NHEkRVvp+ta0Lp+/jsVjDv31xkVhA=
